
Microsoft Visual Studio Solution File, Format Version 12.00
# Visual Studio Version 17
VisualStudioVersion = 17.14.36414.22
MinimumVisualStudioVersion = 10.0.40219.1
Project("{2150E333-8FDC-42A3-9474-1A3956D46DE8}") = "DevOps", "DevOps", "{B3195D2C-CEA5-4FB2-8AD8-A98F467E99E6}"
EndProject
Project("{2150E333-8FDC-42A3-9474-1A3956D46DE8}") = "Test", "Test", "{02EA681E-C7D8-13C7-8484-4AC65E1B71E8}"
EndProject
Project("{FAE04EC0-301F-11D3-BF4B-00C04F79EFBC}") = "Test", "DevOps\Test\Test.csproj", "{090B30A1-CDDF-408E-AD2B-AA7C3ACABFE4}"
EndProject
Project("{FAE04EC0-301F-11D3-BF4B-00C04F79EFBC}") = "DevOps", "DevOps\DevOps\DevOps.csproj", "{E9A9C568-27A9-4C94-B4DC-3D1BAA5BC8D0}"
EndProject
Global
	GlobalSection(SolutionConfigurationPlatforms) = preSolution
		Debug|Any CPU = Debug|Any CPU
		Release|Any CPU = Release|Any CPU
	EndGlobalSection
	GlobalSection(ProjectConfigurationPlatforms) = postSolution
		{090B30A1-CDDF-408E-AD2B-AA7C3ACABFE4}.Debug|Any CPU.ActiveCfg = Debug|Any CPU
		{090B30A1-CDDF-408E-AD2B-AA7C3ACABFE4}.Debug|Any CPU.Build.0 = Debug|Any CPU
		{090B30A1-CDDF-408E-AD2B-AA7C3ACABFE4}.Release|Any CPU.ActiveCfg = Release|Any CPU
		{090B30A1-CDDF-408E-AD2B-AA7C3ACABFE4}.Release|Any CPU.Build.0 = Release|Any CPU
		{E9A9C568-27A9-4C94-B4DC-3D1BAA5BC8D0}.Debug|Any CPU.ActiveCfg = Debug|Any CPU
		{E9A9C568-27A9-4C94-B4DC-3D1BAA5BC8D0}.Debug|Any CPU.Build.0 = Debug|Any CPU
		{E9A9C568-27A9-4C94-B4DC-3D1BAA5BC8D0}.Release|Any CPU.ActiveCfg = Release|Any CPU
		{E9A9C568-27A9-4C94-B4DC-3D1BAA5BC8D0}.Release|Any CPU.Build.0 = Release|Any CPU
	EndGlobalSection
	GlobalSection(SolutionProperties) = preSolution
		HideSolutionNode = FALSE
	EndGlobalSection
	GlobalSection(NestedProjects) = preSolution
		{090B30A1-CDDF-408E-AD2B-AA7C3ACABFE4} = {02EA681E-C7D8-13C7-8484-4AC65E1B71E8}
		{E9A9C568-27A9-4C94-B4DC-3D1BAA5BC8D0} = {B3195D2C-CEA5-4FB2-8AD8-A98F467E99E6}
	EndGlobalSection
	GlobalSection(ExtensibilityGlobals) = postSolution
		SolutionGuid = {D7919CD6-573F-4356-81F4-33DC14D0745B}
	EndGlobalSection
EndGlobal
